
Microsoft Visual Studio Solution File, Format Version 12.00
# Visual Studio Version 16
VisualStudioVersion = 16.0.29215.179
MinimumVisualStudioVersion = 10.0.40219.1
Project("{FAE04EC0-301F-11D3-BF4B-00C04F79EFBC}") = "LINQ Project", "LINQ Project\LINQ Project.csproj", "{F0480C5C-8E75-4305-AF95-0E3A829691EC}"
EndProject
Global
	GlobalSection(SolutionConfigurationPlatforms) = preSolution
		Debug|Any CPU = Debug|Any CPU
		Release|Any CPU = Release|Any CPU
	EndGlobalSection
	GlobalSection(ProjectConfigurationPlatforms) = postSolution
		{F0480C5C-8E75-4305-AF95-0E3A829691EC}.Debug|Any CPU.ActiveCfg = Debug|Any CPU
		{F0480C5C-8E75-4305-AF95-0E3A829691EC}.Debug|Any CPU.Build.0 = Debug|Any CPU
		{F0480C5C-8E75-4305-AF95-0E3A829691EC}.Release|Any CPU.ActiveCfg = Release|Any CPU
		{F0480C5C-8E75-4305-AF95-0E3A829691EC}.Release|Any CPU.Build.0 = Release|Any CPU
	EndGlobalSection
	GlobalSection(SolutionProperties) = preSolution
		HideSolutionNode = FALSE
	EndGlobalSection
	GlobalSection(ExtensibilityGlobals) = postSolution
		SolutionGuid = {2AAD2CC9-34FC-476F-A5BB-76D7034B1B93}
	EndGlobalSection
EndGlobal
